{
  "name": "log_log",
  "version": "1.0.0",
  "lockfileVersion": 1,
  "requires": true,
  "dependencies": {
    "@types/node": {
      "version": "8.10.43",
      "resolved": "https://registry.npmjs.org/@types/node/-/node-8.10.43.tgz",
      "integrity": "sha512-5m5W13HR2k3cu88mpzlnPBBv5+GyMHtj4F0P83RG4mqoC0AYVYHVMHfF3SgwKNtqEZiZQASMxU92QsLEekKcnw=="
    },
    "ansicolor": {
      "version": "1.1.81",
      "resolved": "https://registry.npmjs.org/ansicolor/-/ansicolor-1.1.81.tgz",
      "integrity": "sha512-uSggNDl++k+w9MUeAWoPsKMa9ekTWp50FzOf2LtxH4muRBANuToT2zaMHC47HJ6kySzos95P+2aSJ5DzIJ98sQ=="
    },
    "as-table": {
      "version": "1.0.36",
      "resolved": "https://registry.npmjs.org/as-table/-/as-table-1.0.36.tgz",
      "integrity": "sha1-449cheGEzX9u/iiF2NvIDCtzHsQ=",
      "requires": {
        "printable-characters": "^1.0.37"
      }
    },
    "data-uri-to-buffer": {
      "version": "2.0.0",
      "resolved": "https://registry.npmjs.org/data-uri-to-buffer/-/data-uri-to-buffer-2.0.0.tgz",
      "integrity": "sha512-YbKCNLPPP4inc0E5If4OaalBc7gpaM2MRv77Pv2VThVComLKfbGYtJcdDCViDyp1Wd4SebhHLz94vp91zbK6bw==",
      "requires": {
        "@types/node": "^8.0.7"
      }
    },
    "esm": {
      "version": "3.2.13",
      "resolved": "https://registry.npmjs.org/esm/-/esm-3.2.13.tgz",
      "integrity": "sha512-0KGE/BOvS4MIjsalY3GfbhAgy+wJ7OO/JXrpTm0KnajE9np5s4fuEkyplaF5xLnN7/3h9jZAvTnnMynK39wG4g=="
    },
    "get-source": {
      "version": "1.0.27",
      "resolved": "https://registry.npmjs.org/get-source/-/get-source-1.0.27.tgz",
      "integrity": "sha1-uS+LXWFgergYJusi7dfeofSHCNk=",
      "requires": {
        "data-uri-to-buffer": "^2.0.0",
        "source-map": "^0.6.0"
      }
    },
    "lodash": {
      "version": "4.17.11",
      "resolved": "https://registry.npmjs.org/lodash/-/lodash-4.17.11.tgz",
      "integrity": "sha512-cQKh8igo5QUhZ7lg38DYWAxMvjSAKG0A8wGSVimP07SIUEK2UO+arSRKbRZWtelMtN5V0Hkwh5ryOto/SshYIg=="
    },
    "ololog": {
      "version": "1.1.117",
      "resolved": "https://registry.npmjs.org/ololog/-/ololog-1.1.117.tgz",
      "integrity": "sha512-a6HBJEZBoovfySaOGveU9nbKf7d5cToAbM9gpoowXUEOaGfBOTnEpSkuEVcyH5Bc8cVkzCp6KMYx7Kl3toFKJg==",
      "requires": {
        "ansicolor": "^1.1.78",
        "pipez": "^1.1.12",
        "printable-characters": "^1.0.42",
        "stacktracey": "^1.2.106",
        "string.bullet": "^1.0.12",
        "string.ify": "^1.0.49"
      }
    },
    "pipez": {
      "version": "1.1.12",
      "resolved": "https://registry.npmjs.org/pipez/-/pipez-1.1.12.tgz",
      "integrity": "sha1-s1nOVAHpNfEp+koJT83omvuENtg="
    },
    "printable-characters": {
      "version": "1.0.42",
      "resolved": "https://registry.npmjs.org/printable-characters/-/printable-characters-1.0.42.tgz",
      "integrity": "sha1-Pxjpd6m9jrN/zE/1ZZ176Qhos9g="
    },
    "source-map": {
      "version": "0.6.1",
      "resolved": "https://registry.npmjs.org/source-map/-/source-map-0.6.1.tgz",
      "integrity": "sha512-UjgapumWlbMhkBgzT7Ykc5YXUT46F0iKu8SGXq0bcwP5dz/h0Plj6enJqjz1Zbq2l5WaqYnrVbwWOWMyF3F47g=="
    },
    "stacktracey": {
      "version": "1.2.106",
      "resolved": "https://registry.npmjs.org/stacktracey/-/stacktracey-1.2.106.tgz",
      "integrity": "sha512-+JwWUcpFn+vCqEFkG7mBsxbjloy0S43tZv5qTbYvxps9bN3/jxTUIfa7Y+kjDzsbRq8GQRAilQZmxvWm6LTwxg==",
      "requires": {
        "as-table": "^1.0.31",
        "get-source": "^1.0.24"
      }
    },
    "string.bullet": {
      "version": "1.0.12",
      "resolved": "https://registry.npmjs.org/string.bullet/-/string.bullet-1.0.12.tgz",
      "integrity": "sha1-tB/EF4UKV+QEK/PPNHtu7iV+4lM=",
      "requires": {
        "printable-characters": "^1.0.26"
      }
    },
    "string.ify": {
      "version": "1.0.49",
      "resolved": "https://registry.npmjs.org/string.ify/-/string.ify-1.0.49.tgz",
      "integrity": "sha1-L33QBEJ4/7Qs1nqL9ksUEadu4wM=",
      "requires": {
        "printable-characters": "^1.0.28",
        "string.bullet": "^1.0.11"
      }
    }
  }
}
