{
  "name": "log_log",
  "version": "1.0.0",
  "lockfileVersion": 1,
  "requires": true,
  "dependencies": {
    "@types/node": {
      "version": "8.10.39",
      "resolved": "https://registry.npmjs.org/@types/node/-/node-8.10.39.tgz",
      "integrity": "sha512-rE7fktr02J8ybFf6eysife+WF+L4sAHWzw09DgdCebEu+qDwMvv4zl6Bc+825ttGZP73kCKxa3dhJOoGJ8+5mA=="
    },
    "ansicolor": {
      "version": "1.1.78",
      "resolved": "https://registry.npmjs.org/ansicolor/-/ansicolor-1.1.78.tgz",
      "integrity": "sha512-mdNo/iRwUyb4Z0L8AthEV4BZ3TlSWr6YakKtItA48ufGBzYYtTVp+gX6bkweKTfs7wGpUepOz+qHrTPqfBus2Q=="
    },
    "as-table": {
      "version": "1.0.36",
      "resolved": "https://registry.npmjs.org/as-table/-/as-table-1.0.36.tgz",
      "integrity": "sha1-449cheGEzX9u/iiF2NvIDCtzHsQ=",
      "requires": {
        "printable-characters": "1.0.42"
      }
    },
    "data-uri-to-buffer": {
      "version": "2.0.0",
      "resolved": "https://registry.npmjs.org/data-uri-to-buffer/-/data-uri-to-buffer-2.0.0.tgz",
      "integrity": "sha512-YbKCNLPPP4inc0E5If4OaalBc7gpaM2MRv77Pv2VThVComLKfbGYtJcdDCViDyp1Wd4SebhHLz94vp91zbK6bw==",
      "requires": {
        "@types/node": "8.10.39"
      }
    },
    "dotenv": {
      "version": "6.2.0",
      "resolved": "https://registry.npmjs.org/dotenv/-/dotenv-6.2.0.tgz",
      "integrity": "sha512-HygQCKUBSFl8wKQZBSemMywRWcEDNidvNbjGVyZu3nbZ8qq9ubiPoGLMdRDpfSrpkkm9BXYFkpKxxFX38o/76w=="
    },
    "get-source": {
      "version": "1.0.27",
      "resolved": "https://registry.npmjs.org/get-source/-/get-source-1.0.27.tgz",
      "integrity": "sha1-uS+LXWFgergYJusi7dfeofSHCNk=",
      "requires": {
        "data-uri-to-buffer": "2.0.0",
        "source-map": "0.6.1"
      }
    },
    "ololog": {
      "version": "1.1.114",
      "resolved": "https://registry.npmjs.org/ololog/-/ololog-1.1.114.tgz",
      "integrity": "sha512-ED04sA4n5c/WTuMl2Bf/PvsJLnLbo/z4RI6aqgxyoXvGp+VAHXWn1yGF8zASQGAvBPZw2VLOiusDOoWzMqzYJA==",
      "requires": {
        "ansicolor": "1.1.78",
        "pipez": "1.1.12",
        "printable-characters": "1.0.42",
        "stacktracey": "1.2.106",
        "string.bullet": "1.0.12",
        "string.ify": "1.0.49"
      }
    },
    "pipez": {
      "version": "1.1.12",
      "resolved": "https://registry.npmjs.org/pipez/-/pipez-1.1.12.tgz",
      "integrity": "sha1-s1nOVAHpNfEp+koJT83omvuENtg="
    },
    "printable-characters": {
      "version": "1.0.42",
      "resolved": "https://registry.npmjs.org/printable-characters/-/printable-characters-1.0.42.tgz",
      "integrity": "sha1-Pxjpd6m9jrN/zE/1ZZ176Qhos9g="
    },
    "source-map": {
      "version": "0.6.1",
      "resolved": "https://registry.npmjs.org/source-map/-/source-map-0.6.1.tgz",
      "integrity": "sha512-UjgapumWlbMhkBgzT7Ykc5YXUT46F0iKu8SGXq0bcwP5dz/h0Plj6enJqjz1Zbq2l5WaqYnrVbwWOWMyF3F47g=="
    },
    "stacktracey": {
      "version": "1.2.106",
      "resolved": "https://registry.npmjs.org/stacktracey/-/stacktracey-1.2.106.tgz",
      "integrity": "sha512-+JwWUcpFn+vCqEFkG7mBsxbjloy0S43tZv5qTbYvxps9bN3/jxTUIfa7Y+kjDzsbRq8GQRAilQZmxvWm6LTwxg==",
      "requires": {
        "as-table": "1.0.36",
        "get-source": "1.0.27"
      }
    },
    "string.bullet": {
      "version": "1.0.12",
      "resolved": "https://registry.npmjs.org/string.bullet/-/string.bullet-1.0.12.tgz",
      "integrity": "sha1-tB/EF4UKV+QEK/PPNHtu7iV+4lM=",
      "requires": {
        "printable-characters": "1.0.42"
      }
    },
    "string.ify": {
      "version": "1.0.49",
      "resolved": "https://registry.npmjs.org/string.ify/-/string.ify-1.0.49.tgz",
      "integrity": "sha1-L33QBEJ4/7Qs1nqL9ksUEadu4wM=",
      "requires": {
        "printable-characters": "1.0.42",
        "string.bullet": "1.0.12"
      }
    }
  }
}
