# THIS IS AN AUTOGENERATED FILE. DO NOT EDIT THIS FILE DIRECTLY.
# yarn lockfile v1


"@types/colors@^1.2.1":
  version "1.2.1"
  resolved "https://registry.yarnpkg.com/@types/colors/-/colors-1.2.1.tgz#57703f1a9f7f5fc40afb81eef13e96acdd1016a6"
  integrity sha512-7jNkpfN2lVO07nJ1RWzyMnNhH/I5N9iWuMPx9pedptxJ4MODf8rRV0lbJi6RakQ4sKQk231Fw4e2W9n3D7gZ3w==
  dependencies:
    colors "*"

"@types/lodash@^4.14.123":
  version "4.14.123"
  resolved "https://registry.yarnpkg.com/@types/lodash/-/lodash-4.14.123.tgz#39be5d211478c8dd3bdae98ee75bb7efe4abfe4d"
  integrity sha512-pQvPkc4Nltyx7G1Ww45OjVqUsJP4UsZm+GWJpigXgkikZqJgRm4c48g027o6tdgubWHwFRF15iFd+Y4Pmqv6+Q==

colors@*, colors@^1.3.3:
  version "1.3.3"
  resolved "https://registry.yarnpkg.com/colors/-/colors-1.3.3.tgz#39e005d546afe01e01f9c4ca8fa50f686a01205d"
  integrity sha512-mmGt/1pZqYRjMxB1axhTo16/snVZ5krrKkcmMeVKxzECMMXoCgnvTPp10QgHfcbQZw8Dq2jMNG6je4JlWU0gWg==

esm@^3.2.14:
  version "3.2.18"
  resolved "https://registry.yarnpkg.com/esm/-/esm-3.2.18.tgz#54e9276449ab832b01240069ae66bf245785c767"
  integrity sha512-1UENjnnI37UDp7KuOqKYjfqdaMim06eBWnDv37smaxTIzDl0ZWnlgoXwsVwD9+Lidw+q/f1gUf2diVMDCycoVw==

lodash@^4.17.11:
  version "4.17.11"
  resolved "https://registry.yarnpkg.com/lodash/-/lodash-4.17.11.tgz#b39ea6229ef607ecd89e2c8df12536891cac9b8d"
  integrity sha512-cQKh8igo5QUhZ7lg38DYWAxMvjSAKG0A8wGSVimP07SIUEK2UO+arSRKbRZWtelMtN5V0Hkwh5ryOto/SshYIg==
