# THIS IS AN AUTOGENERATED FILE. DO NOT EDIT THIS FILE DIRECTLY.
# yarn lockfile v1


"@types/node@^8.0.7":
  version "8.10.43"
  resolved "https://registry.yarnpkg.com/@types/node/-/node-8.10.43.tgz#8d3281a33c92a56038b05d9460a65bc1dcd5735b"
  integrity sha512-5m5W13HR2k3cu88mpzlnPBBv5+GyMHtj4F0P83RG4mqoC0AYVYHVMHfF3SgwKNtqEZiZQASMxU92QsLEekKcnw==

ansicolor@^1.1.78, ansicolor@^1.1.81:
  version "1.1.81"
  resolved "https://registry.yarnpkg.com/ansicolor/-/ansicolor-1.1.81.tgz#9ccf4e5d129dd77df1eb907a41d7e1f4cfcae015"
  integrity sha512-uSggNDl++k+w9MUeAWoPsKMa9ekTWp50FzOf2LtxH4muRBANuToT2zaMHC47HJ6kySzos95P+2aSJ5DzIJ98sQ==

as-table@^1.0.36:
  version "1.0.37"
  resolved "https://registry.yarnpkg.com/as-table/-/as-table-1.0.37.tgz#8211e03d0b5b7a15d278aaeb3bce885f6e460f39"
  integrity sha512-nzOpI2jF8wo2dZ1dZ2t9dfq+xZsumv4c5av7kQIU9+P8nTF+k+DGeU4f1C53XB/OAhZIhJJikKOM1DYqlGUHlQ==
  dependencies:
    printable-characters "^1.0.42"

data-uri-to-buffer@^2.0.0:
  version "2.0.0"
  resolved "https://registry.yarnpkg.com/data-uri-to-buffer/-/data-uri-to-buffer-2.0.0.tgz#0ba23671727349828c32cfafddea411908d13d23"
  integrity sha512-YbKCNLPPP4inc0E5If4OaalBc7gpaM2MRv77Pv2VThVComLKfbGYtJcdDCViDyp1Wd4SebhHLz94vp91zbK6bw==
  dependencies:
    "@types/node" "^8.0.7"

esm@^3.2.14:
  version "3.2.14"
  resolved "https://registry.yarnpkg.com/esm/-/esm-3.2.14.tgz#567f65e9433bb0873eb92ed5e92e876c3ec2a212"
  integrity sha512-uQq8DK0HB0n2Ze9gshhxGQa60caKmwNH7tKxALAT6wxYGfQCdEMXA3MV3z1rh8TSmQIVFYbltm9Xe1ghusnCqw==

get-source@^1.0.32:
  version "1.0.33"
  resolved "https://registry.yarnpkg.com/get-source/-/get-source-1.0.33.tgz#85a3e8ba7dd8d2eab581a05a22956ce0b57ec697"
  integrity sha512-oMpwxaA5RkyUIM88cbavNCbb0n+n4vAICOikTIO0g1o5xNpijPODflFNk9nSMvR6GJqfkUGf2BjO6c0/9B9/Qw==
  dependencies:
    data-uri-to-buffer "^2.0.0"
    source-map "^0.6.1"

lodash@^4.17.11:
  version "4.17.11"
  resolved "https://registry.yarnpkg.com/lodash/-/lodash-4.17.11.tgz#b39ea6229ef607ecd89e2c8df12536891cac9b8d"
  integrity sha512-cQKh8igo5QUhZ7lg38DYWAxMvjSAKG0A8wGSVimP07SIUEK2UO+arSRKbRZWtelMtN5V0Hkwh5ryOto/SshYIg==

ololog@^1.1.117:
  version "1.1.120"
  resolved "https://registry.yarnpkg.com/ololog/-/ololog-1.1.120.tgz#6e285ba57093de2689474fa36ff07bbd8132fac0"
  integrity sha512-l4DMG137w2ZSlFplsNZ1gWPoHOGEAOQ+fHdnA2Wcpk4xSTNUMOv/XM400kpj126sMagzhB/2B17TJ/0kOgUClA==
  dependencies:
    ansicolor "^1.1.78"
    pipez "^1.1.12"
    printable-characters "^1.0.42"
    stacktracey "^1.2.109"
    string.bullet "^1.0.12"
    string.ify "^1.0.49"

pipez@^1.1.12:
  version "1.1.12"
  resolved "https://registry.yarnpkg.com/pipez/-/pipez-1.1.12.tgz#b359ce5401e935f129fa4a094fcde89afb8436d8"
  integrity sha1-s1nOVAHpNfEp+koJT83omvuENtg=

printable-characters@^1.0.26, printable-characters@^1.0.42:
  version "1.0.42"
  resolved "https://registry.yarnpkg.com/printable-characters/-/printable-characters-1.0.42.tgz#3f18e977a9bd8eb37fcc4ff5659d7be90868b3d8"
  integrity sha1-Pxjpd6m9jrN/zE/1ZZ176Qhos9g=

source-map@^0.6.1:
  version "0.6.1"
  resolved "https://registry.yarnpkg.com/source-map/-/source-map-0.6.1.tgz#74722af32e9614e9c287a8d0bbde48b5e2f1a263"
  integrity sha512-UjgapumWlbMhkBgzT7Ykc5YXUT46F0iKu8SGXq0bcwP5dz/h0Plj6enJqjz1Zbq2l5WaqYnrVbwWOWMyF3F47g==

stacktracey@^1.2.109:
  version "1.2.109"
  resolved "https://registry.yarnpkg.com/stacktracey/-/stacktracey-1.2.109.tgz#7264dc24ca9a555f8322a3fe459d768e137bcd4b"
  integrity sha512-Od8FhmATIk+gkSKq++Af4fH4rcSvD2kbCBZ7g/6FiD8vLGi8wzK8aQOB4guWXOIp4aROFehDpjqNdYuGabo1rg==
  dependencies:
    as-table "^1.0.36"
    get-source "^1.0.32"

string.bullet@^1.0.12:
  version "1.0.12"
  resolved "https://registry.yarnpkg.com/string.bullet/-/string.bullet-1.0.12.tgz#b41fc417850a57e4042bf3cf347b6eee257ee253"
  integrity sha1-tB/EF4UKV+QEK/PPNHtu7iV+4lM=
  dependencies:
    printable-characters "^1.0.26"

string.ify@^1.0.49:
  version "1.0.50"
  resolved "https://registry.yarnpkg.com/string.ify/-/string.ify-1.0.50.tgz#108e2f8c9128e46ea5a53565a1507785463bb680"
  integrity sha512-h+MaSlCj9uudgUB0wnTNwN1/SrfUo3zpWjEekcXop3dAWyk9IbeJdEvWekvgjX+QlTj7ABybIUJzZyEFQLVYaQ==
  dependencies:
    printable-characters "^1.0.42"
    string.bullet "^1.0.12"
